
Microsoft Visual Studio Solution File, Format Version 12.00
# Visual Studio Version 17
VisualStudioVersion = 17.1.32210.238
MinimumVisualStudioVersion = 10.0.40219.1
Project("{9A19103F-16F7-4668-BE54-9A1E7A4F7556}") = "BlazorComponents", "BlazorComponents\BlazorComponents.csproj", "{5CD108A2-1FCD-4D7E-94D8-90BBC39E2A0E}"
EndProject
Project("{9A19103F-16F7-4668-BE54-9A1E7A4F7556}") = "BootzorComponents", "BootzorComponents\BootzorComponents.csproj", "{384C265B-3187-45E4-B617-FCB39582F6C5}"
EndProject
Global
	GlobalSection(SolutionConfigurationPlatforms) = preSolution
		Debug|Any CPU = Debug|Any CPU
		Release|Any CPU = Release|Any CPU
	EndGlobalSection
	GlobalSection(ProjectConfigurationPlatforms) = postSolution
		{5CD108A2-1FCD-4D7E-94D8-90BBC39E2A0E}.Debug|Any CPU.ActiveCfg = Debug|Any CPU
		{5CD108A2-1FCD-4D7E-94D8-90BBC39E2A0E}.Debug|Any CPU.Build.0 = Debug|Any CPU
		{5CD108A2-1FCD-4D7E-94D8-90BBC39E2A0E}.Release|Any CPU.ActiveCfg = Release|Any CPU
		{5CD108A2-1FCD-4D7E-94D8-90BBC39E2A0E}.Release|Any CPU.Build.0 = Release|Any CPU
		{384C265B-3187-45E4-B617-FCB39582F6C5}.Debug|Any CPU.ActiveCfg = Debug|Any CPU
		{384C265B-3187-45E4-B617-FCB39582F6C5}.Debug|Any CPU.Build.0 = Debug|Any CPU
		{384C265B-3187-45E4-B617-FCB39582F6C5}.Release|Any CPU.ActiveCfg = Release|Any CPU
		{384C265B-3187-45E4-B617-FCB39582F6C5}.Release|Any CPU.Build.0 = Release|Any CPU
	EndGlobalSection
	GlobalSection(SolutionProperties) = preSolution
		HideSolutionNode = FALSE
	EndGlobalSection
	GlobalSection(ExtensibilityGlobals) = postSolution
		SolutionGuid = {394D6E72-6AF3-4F05-95F0-2D30CE032A65}
	EndGlobalSection
EndGlobal
